// !$*UTF8*$!
{
	archiveVersion = 1;
	classes = {
	};
	objectVersion = 46;
	objects = {

/* Begin PBXBuildFile section */
		6C3F42561D977C540050922B /* TiileOverlay.swift in Sources */ = {isa = PBXBuildFile; fileRef = 6C3F42551D977C540050922B /* TiileOverlay.swift */; };
		6C3F42581D9785ED0050922B /* PandaTiileOverlay.swift in Sources */ = {isa = PBXBuildFile; fileRef = 6C3F42571D9785ED0050922B /* PandaTiileOverlay.swift */; };
		6C8DD49D1D33F3C9002DF92E /* AppDelegate.swift in Sources */ = {isa = PBXBuildFile; fileRef = 6C8DD49C1D33F3C9002DF92E /* AppDelegate.swift */; };
		6C8DD49F1D33F3C9002DF92E /* ViewController.swift in Sources */ = {isa = PBXBuildFile; fileRef = 6C8DD49E1D33F3C9002DF92E /* ViewController.swift */; };
		6C8DD4A21D33F3C9002DF92E /* Main.storyboard in Resources */ = {isa = PBXBuildFile; fileRef = 6C8DD4A01D33F3C9002DF92E /* Main.storyboard */; };
		6C8DD4A41D33F3C9002DF92E /* Assets.xcassets in Resources */ = {isa = PBXBuildFile; fileRef = 6C8DD4A31D33F3C9002DF92E /* Assets.xcassets */; };
		6C8DD4A71D33F3C9002DF92E /* LaunchScreen.storyboard in Resources */ = {isa = PBXBuildFile; fileRef = 6C8DD4A51D33F3C9002DF92E /* LaunchScreen.storyboard */; };
		6C8DD4B21D33F3C9002DF92E /* CustomMapTests.swift in Sources */ = {isa = PBXBuildFile; fileRef = 6C8DD4B11D33F3C9002DF92E /* CustomMapTests.swift */; };
		6C8DD4BD1D33F3C9002DF92E /* CustomMapUITests.swift in Sources */ = {isa = PBXBuildFile; fileRef = 6C8DD4BC1D33F3C9002DF92E /* CustomMapUITests.swift */; };
/* End PBXBuildFile section */

/* Begin PBXContainerItemProxy section */
		6C8DD4AE1D33F3C9002DF92E /* PBXContainerItemProxy */ = {
			isa = PBXContainerItemProxy;
			containerPortal = 6C8DD4911D33F3C9002DF92E /* Project object */;
			proxyType = 1;
			remoteGlobalIDString = 6C8DD4981D33F3C9002DF92E;
			remoteInfo = CustomMap;
		};
		6C8DD4B91D33F3C9002DF92E /* PBXContainerItemProxy */ = {
			isa = PBXContainerItemProxy;
			containerPortal = 6C8DD4911D33F3C9002DF92E /* Project object */;
			proxyType = 1;
			remoteGlobalIDString = 6C8DD4981D33F3C9002DF92E;
			remoteInfo = CustomMap;
		};
/* End PBXContainerItemProxy section */

/* Begin PBXFileReference section */
		6C3F42551D977C540050922B /* TiileOverlay.swift */ = {isa = PBXFileReference; fileEncoding = 4; lastKnownFileType = sourcecode.swift; path = TiileOverlay.swift; sourceTree = "<group>"; };
		6C3F42571D9785ED0050922B /* PandaTiileOverlay.swift */ = {isa = PBXFileReference; fileEncoding = 4; lastKnownFileType = sourcecode.swift; path = PandaTiileOverlay.swift; sourceTree = "<group>"; };
		6C8DD4991D33F3C9002DF92E /* CustomMap.app */ = {isa = PBXFileReference; explicitFileType = wrapper.application; includeInIndex = 0; path = CustomMap.app; sourceTree = BUILT_PRODUCTS_DIR; };
		6C8DD49C1D33F3C9002DF92E /* AppDelegate.swift */ = {isa = PBXFileReference; lastKnownFileType = sourcecode.swift; path = AppDelegate.swift; sourceTree = "<group>"; };
		6C8DD49E1D33F3C9002DF92E /* ViewController.swift */ = {isa = PBXFileReference; lastKnownFileType = sourcecode.swift; path = ViewController.swift; sourceTree = "<group>"; };
		6C8DD4A11D33F3C9002DF92E /* Base */ = {isa = PBXFileReference; lastKnownFileType = file.storyboard; name = Base; path = Base.lproj/Main.storyboard; sourceTree = "<group>"; };
		6C8DD4A31D33F3C9002DF92E /* Assets.xcassets */ = {isa = PBXFileReference; lastKnownFileType = folder.assetcatalog; path = Assets.xcassets; sourceTree = "<group>"; };
		6C8DD4A61D33F3C9002DF92E /* Base */ = {isa = PBXFileReference; lastKnownFileType = file.storyboard; name = Base; path = Base.lproj/LaunchScreen.storyboard; sourceTree = "<group>"; };
		6C8DD4A81D33F3C9002DF92E /* Info.plist */ = {isa = PBXFileReference; lastKnownFileType = text.plist.xml; path = Info.plist; sourceTree = "<group>"; };
		6C8DD4AD1D33F3C9002DF92E /* CustomMapTests.xctest */ = {isa = PBXFileReference; explicitFileType = wrapper.cfbundle; includeInIndex = 0; path = CustomMapTests.xctest; sourceTree = BUILT_PRODUCTS_DIR; };
		6C8DD4B11D33F3C9002DF92E /* CustomMapTests.swift */ = {isa = PBXFileReference; lastKnownFileType = sourcecode.swift; path = CustomMapTests.swift; sourceTree = "<group>"; };
		6C8DD4B31D33F3C9002DF92E /* Info.plist */ = {isa = PBXFileReference; lastKnownFileType = text.plist.xml; path = Info.plist; sourceTree = "<group>"; };
		6C8DD4B81D33F3C9002DF92E /* CustomMapUITests.xctest */ = {isa = PBXFileReference; explicitFileType = wrapper.cfbundle; includeInIndex = 0; path = CustomMapUITests.xctest; sourceTree = BUILT_PRODUCTS_DIR; };
		6C8DD4BC1D33F3C9002DF92E /* CustomMapUITests.swift */ = {isa = PBXFileReference; lastKnownFileType = sourcecode.swift; path = CustomMapUITests.swift; sourceTree = "<group>"; };
		6C8DD4BE1D33F3C9002DF92E /* Info.plist */ = {isa = PBXFileReference; lastKnownFileType = text.plist.xml; path = Info.plist; sourceTree = "<group>"; };
/* End PBXFileReference section */

/* Begin PBXFrameworksBuildPhase section */
		6C8DD4961D33F3C9002DF92E /* Frameworks */ = {
			isa = PBXFrameworksBuildPhase;
			buildActionMask = 2147483647;
			files = (
			);
			runOnlyForDeploymentPostprocessing = 0;
		};
		6C8DD4AA1D33F3C9002DF92E /* Frameworks */ = {
			isa = PBXFrameworksBuildPhase;
			buildActionMask = 2147483647;
			files = (
			);
			runOnlyForDeploymentPostprocessing = 0;
		};
		6C8DD4B51D33F3C9002DF92E /* Frameworks */ = {
			isa = PBXFrameworksBuildPhase;
			buildActionMask = 2147483647;
			files = (
			);
			runOnlyForDeploymentPostprocessing = 0;
		};
/* End PBXFrameworksBuildPhase section */

/* Begin PBXGroup section */
		6C3F42591D9785F10050922B /* TiileOverlay */ = {
			isa = PBXGroup;
			children = (
				6C3F42551D977C540050922B /* TiileOverlay.swift */,
			);
			name = TiileOverlay;
			sourceTree = "<group>";
		};
		6C3F425A1D9786010050922B /* Example */ = {
			isa = PBXGroup;
			children = (
				6C8DD4A01D33F3C9002DF92E /* Main.storyboard */,
				6C8DD4A31D33F3C9002DF92E /* Assets.xcassets */,
				6C8DD4A51D33F3C9002DF92E /* LaunchScreen.storyboard */,
				6C8DD4A81D33F3C9002DF92E /* Info.plist */,
				6C8DD49C1D33F3C9002DF92E /* AppDelegate.swift */,
				6C8DD49E1D33F3C9002DF92E /* ViewController.swift */,
				6C3F42571D9785ED0050922B /* PandaTiileOverlay.swift */,
			);
			name = Example;
			sourceTree = "<group>";
		};
		6C8DD4901D33F3C9002DF92E = {
			isa = PBXGroup;
			children = (
				6C8DD49B1D33F3C9002DF92E /* CustomMap */,
				6C8DD4B01D33F3C9002DF92E /* CustomMapTests */,
				6C8DD4BB1D33F3C9002DF92E /* CustomMapUITests */,
				6C8DD49A1D33F3C9002DF92E /* Products */,
			);
			sourceTree = "<group>";
		};
		6C8DD49A1D33F3C9002DF92E /* Products */ = {
			isa = PBXGroup;
			children = (
				6C8DD4991D33F3C9002DF92E /* CustomMap.app */,
				6C8DD4AD1D33F3C9002DF92E /* CustomMapTests.xctest */,
				6C8DD4B81D33F3C9002DF92E /* CustomMapUITests.xctest */,
			);
			name = Products;
			sourceTree = "<group>";
		};
		6C8DD49B1D33F3C9002DF92E /* CustomMap */ = {
			isa = PBXGroup;
			children = (
				6C3F425A1D9786010050922B /* Example */,
				6C3F42591D9785F10050922B /* TiileOverlay */,
			);
			path = CustomMap;
			sourceTree = "<group>";
		};
		6C8DD4B01D33F3C9002DF92E /* CustomMapTests */ = {
			isa = PBXGroup;
			children = (
				6C8DD4B11D33F3C9002DF92E /* CustomMapTests.swift */,
				6C8DD4B31D33F3C9002DF92E /* Info.plist */,
			);
			path = CustomMapTests;
			sourceTree = "<group>";
		};
		6C8DD4BB1D33F3C9002DF92E /* CustomMapUITests */ = {
			isa = PBXGroup;
			children = (
				6C8DD4BC1D33F3C9002DF92E /* CustomMapUITests.swift */,
				6C8DD4BE1D33F3C9002DF92E /* Info.plist */,
			);
			path = CustomMapUITests;
			sourceTree = "<group>";
		};
/* End PBXGroup section */

/* Begin PBXNativeTarget section */
		6C8DD4981D33F3C9002DF92E /* CustomMap */ = {
			isa = PBXNativeTarget;
			buildConfigurationList = 6C8DD4C11D33F3C9002DF92E /* Build configuration list for PBXNativeTarget "CustomMap" */;
			buildPhases = (
				6C8DD4951D33F3C9002DF92E /* Sources */,
				6C8DD4961D33F3C9002DF92E /* Frameworks */,
				6C8DD4971D33F3C9002DF92E /* Resources */,
			);
			buildRules = (
			);
			dependencies = (
			);
			name = CustomMap;
			productName = CustomMap;
			productReference = 6C8DD4991D33F3C9002DF92E /* CustomMap.app */;
			productType = "com.apple.product-type.application";
		};
		6C8DD4AC1D33F3C9002DF92E /* CustomMapTests */ = {
			isa = PBXNativeTarget;
			buildConfigurationList = 6C8DD4C41D33F3C9002DF92E /* Build configuration list for PBXNativeTarget "CustomMapTests" */;
			buildPhases = (
				6C8DD4A91D33F3C9002DF92E /* Sources */,
				6C8DD4AA1D33F3C9002DF92E /* Frameworks */,
				6C8DD4AB1D33F3C9002DF92E /* Resources */,
			);
			buildRules = (
			);
			dependencies = (
				6C8DD4AF1D33F3C9002DF92E /* PBXTargetDependency */,
			);
			name = CustomMapTests;
			productName = CustomMapTests;
			productReference = 6C8DD4AD1D33F3C9002DF92E /* CustomMapTests.xctest */;
			productType = "com.apple.product-type.bundle.unit-test";
		};
		6C8DD4B71D33F3C9002DF92E /* CustomMapUITests */ = {
			isa = PBXNativeTarget;
			buildConfigurationList = 6C8DD4C71D33F3C9002DF92E /* Build configuration list for PBXNativeTarget "CustomMapUITests" */;
			buildPhases = (
				6C8DD4B41D33F3C9002DF92E /* Sources */,
				6C8DD4B51D33F3C9002DF92E /* Frameworks */,
				6C8DD4B61D33F3C9002DF92E /* Resources */,
			);
			buildRules = (
			);
			dependencies = (
				6C8DD4BA1D33F3C9002DF92E /* PBXTargetDependency */,
			);
			name = CustomMapUITests;
			productName = CustomMapUITests;
			productReference = 6C8DD4B81D33F3C9002DF92E /* CustomMapUITests.xctest */;
			productType = "com.apple.product-type.bundle.ui-testing";
		};
/* End PBXNativeTarget section */

/* Begin PBXProject section */
		6C8DD4911D33F3C9002DF92E /* Project object */ = {
			isa = PBXProject;
			attributes = {
				LastSwiftUpdateCheck = 0730;
				LastUpgradeCheck = 0800;
				ORGANIZATIONNAME = Brix;
				TargetAttributes = {
					6C8DD4981D33F3C9002DF92E = {
						CreatedOnToolsVersion = 7.3.1;
						LastSwiftMigration = 0800;
					};
					6C8DD4AC1D33F3C9002DF92E = {
						CreatedOnToolsVersion = 7.3.1;
						LastSwiftMigration = 0800;
						TestTargetID = 6C8DD4981D33F3C9002DF92E;
					};
					6C8DD4B71D33F3C9002DF92E = {
						CreatedOnToolsVersion = 7.3.1;
						LastSwiftMigration = 0800;
						TestTargetID = 6C8DD4981D33F3C9002DF92E;
					};
				};
			};
			buildConfigurationList = 6C8DD4941D33F3C9002DF92E /* Build configuration list for PBXProject "CustomMap" */;
			compatibilityVersion = "Xcode 3.2";
			developmentRegion = English;
			hasScannedForEncodings = 0;
			knownRegions = (
				en,
				Base,
			);
			mainGroup = 6C8DD4901D33F3C9002DF92E;
			productRefGroup = 6C8DD49A1D33F3C9002DF92E /* Products */;
			projectDirPath = "";
			projectRoot = "";
			targets = (
				6C8DD4981D33F3C9002DF92E /* CustomMap */,
				6C8DD4AC1D33F3C9002DF92E /* CustomMapTests */,
				6C8DD4B71D33F3C9002DF92E /* CustomMapUITests */,
			);
		};
/* End PBXProject section */

/* Begin PBXResourcesBuildPhase section */
		6C8DD4971D33F3C9002DF92E /* Resources */ = {
			isa = PBXResourcesBuildPhase;
			buildActionMask = 2147483647;
			files = (
				6C8DD4A71D33F3C9002DF92E /* LaunchScreen.storyboard in Resources */,
				6C8DD4A41D33F3C9002DF92E /* Assets.xcassets in Resources */,
				6C8DD4A21D33F3C9002DF92E /* Main.storyboard in Resources */,
			);
			runOnlyForDeploymentPostprocessing = 0;
		};
		6C8DD4AB1D33F3C9002DF92E /* Resources */ = {
			isa = PBXResourcesBuildPhase;
			buildActionMask = 2147483647;
			files = (
			);
			runOnlyForDeploymentPostprocessing = 0;
		};
		6C8DD4B61D33F3C9002DF92E /* Resources */ = {
			isa = PBXResourcesBuildPhase;
			buildActionMask = 2147483647;
			files = (
			);
			runOnlyForDeploymentPostprocessing = 0;
		};
/* End PBXResourcesBuildPhase section */

/* Begin PBXSourcesBuildPhase section */
		6C8DD4951D33F3C9002DF92E /* Sources */ = {
			isa = PBXSourcesBuildPhase;
			buildActionMask = 2147483647;
			files = (
				6C3F42561D977C540050922B /* TiileOverlay.swift in Sources */,
				6C8DD49F1D33F3C9002DF92E /* ViewController.swift in Sources */,
				6C8DD49D1D33F3C9002DF92E /* AppDelegate.swift in Sources */,
				6C3F42581D9785ED0050922B /* PandaTiileOverlay.swift in Sources */,
			);
			runOnlyForDeploymentPostprocessing = 0;
		};
		6C8DD4A91D33F3C9002DF92E /* Sources */ = {
			isa = PBXSourcesBuildPhase;
			buildActionMask = 2147483647;
			files = (
				6C8DD4B21D33F3C9002DF92E /* CustomMapTests.swift in Sources */,
			);
			runOnlyForDeploymentPostprocessing = 0;
		};
		6C8DD4B41D33F3C9002DF92E /* Sources */ = {
			isa = PBXSourcesBuildPhase;
			buildActionMask = 2147483647;
			files = (
				6C8DD4BD1D33F3C9002DF92E /* CustomMapUITests.swift in Sources */,
			);
			runOnlyForDeploymentPostprocessing = 0;
		};
/* End PBXSourcesBuildPhase section */

/* Begin PBXTargetDependency section */
		6C8DD4AF1D33F3C9002DF92E /* PBXTargetDependency */ = {
			isa = PBXTargetDependency;
			target = 6C8DD4981D33F3C9002DF92E /* CustomMap */;
			targetProxy = 6C8DD4AE1D33F3C9002DF92E /* PBXContainerItemProxy */;
		};
		6C8DD4BA1D33F3C9002DF92E /* PBXTargetDependency */ = {
			isa = PBXTargetDependency;
			target = 6C8DD4981D33F3C9002DF92E /* CustomMap */;
			targetProxy = 6C8DD4B91D33F3C9002DF92E /* PBXContainerItemProxy */;
		};
/* End PBXTargetDependency section */

/* Begin PBXVariantGroup section */
		6C8DD4A01D33F3C9002DF92E /* Main.storyboard */ = {
			isa = PBXVariantGroup;
			children = (
				6C8DD4A11D33F3C9002DF92E /* Base */,
			);
			name = Main.storyboard;
			sourceTree = "<group>";
		};
		6C8DD4A51D33F3C9002DF92E /* LaunchScreen.storyboard */ = {
			isa = PBXVariantGroup;
			children = (
				6C8DD4A61D33F3C9002DF92E /* Base */,
			);
			name = LaunchScreen.storyboard;
			sourceTree = "<group>";
		};
/* End PBXVariantGroup section */

/* Begin XCBuildConfiguration section */
		6C8DD4BF1D33F3C9002DF92E /* Debug */ = {
			isa = XCBuildConfiguration;
			buildSettings = {
				ALWAYS_SEARCH_USER_PATHS = NO;
				CLANG_ANALYZER_NONNULL = YES;
				CLANG_CXX_LANGUAGE_STANDARD = "gnu++0x";
				CLANG_CXX_LIBRARY = "libc++";
				CLANG_ENABLE_MODULES = YES;
				CLANG_ENABLE_OBJC_ARC = YES;
				CLANG_WARN_BOOL_CONVERSION = YES;
				CLANG_WARN_CONSTANT_CONVERSION = YES;
				CLANG_WARN_DIRECT_OBJC_ISA_USAGE = YES_ERROR;
				CLANG_WARN_EMPTY_BODY = YES;
				CLANG_WARN_ENUM_CONVERSION = YES;
				CLANG_WARN_INFINITE_RECURSION = YES;
				CLANG_WARN_INT_CONVERSION = YES;
				CLANG_WARN_OBJC_ROOT_CLASS = YES_ERROR;
				CLANG_WARN_SUSPICIOUS_MOVE = YES;
				CLANG_WARN_UNREACHABLE_CODE = YES;
				CLANG_WARN__DUPLICATE_METHOD_MATCH = YES;
				"CODE_SIGN_IDENTITY[sdk=iphoneos*]" = "iPhone Developer";
				COPY_PHASE_STRIP = NO;
				DEBUG_INFORMATION_FORMAT = dwarf;
				ENABLE_STRICT_OBJC_MSGSEND = YES;
				ENABLE_TESTABILITY = YES;
				GCC_C_LANGUAGE_STANDARD = gnu99;
				GCC_DYNAMIC_NO_PIC = NO;
				GCC_NO_COMMON_BLOCKS = YES;
				GCC_OPTIMIZATION_LEVEL = 0;
				GCC_PREPROCESSOR_DEFINITIONS = (
					"DEBUG=1",
					"$(inherited)",
				);
				GCC_WARN_64_TO_32_BIT_CONVERSION = YES;
				GCC_WARN_ABOUT_RETURN_TYPE = YES_ERROR;
				GCC_WARN_UNDECLARED_SELECTOR = YES;
				GCC_WARN_UNINITIALIZED_AUTOS = YES_AGGRESSIVE;
				GCC_WARN_UNUSED_FUNCTION = YES;
				GCC_WARN_UNUSED_VARIABLE = YES;
				IPHONEOS_DEPLOYMENT_TARGET = 10.0;
				MTL_ENABLE_DEBUG_INFO = YES;
				ONLY_ACTIVE_ARCH = YES;
				SDKROOT = iphoneos;
				SWIFT_OPTIMIZATION_LEVEL = "-Onone";
				SWIFT_VERSION = 3.0;
				TARGETED_DEVICE_FAMILY = "1,2";
			};
			name = Debug;
		};
		6C8DD4C01D33F3C9002DF92E /* Release */ = {
			isa = XCBuildConfiguration;
			buildSettings = {
				ALWAYS_SEARCH_USER_PATHS = NO;
				CLANG_ANALYZER_NONNULL = YES;
				CLANG_CXX_LANGUAGE_STANDARD = "gnu++0x";
				CLANG_CXX_LIBRARY = "libc++";
				CLANG_ENABLE_MODULES = YES;
				CLANG_ENABLE_OBJC_ARC = YES;
				CLANG_WARN_BOOL_CONVERSION = YES;
				CLANG_WARN_CONSTANT_CONVERSION = YES;
				CLANG_WARN_DIRECT_OBJC_ISA_USAGE = YES_ERROR;
				CLANG_WARN_EMPTY_BODY = YES;
				CLANG_WARN_ENUM_CONVERSION = YES;
				CLANG_WARN_INFINITE_RECURSION = YES;
				CLANG_WARN_INT_CONVERSION = YES;
				CLANG_WARN_OBJC_ROOT_CLASS = YES_ERROR;
				CLANG_WARN_SUSPICIOUS_MOVE = YES;
				CLANG_WARN_UNREACHABLE_CODE = YES;
				CLANG_WARN__DUPLICATE_METHOD_MATCH = YES;
				"CODE_SIGN_IDENTITY[sdk=iphoneos*]" = "iPhone Developer";
				COPY_PHASE_STRIP = NO;
				DEBUG_INFORMATION_FORMAT = "dwarf-with-dsym";
				ENABLE_NS_ASSERTIONS = NO;
				ENABLE_STRICT_OBJC_MSGSEND = YES;
				GCC_C_LANGUAGE_STANDARD = gnu99;
				GCC_NO_COMMON_BLOCKS = YES;
				GCC_WARN_64_TO_32_BIT_CONVERSION = YES;
				GCC_WARN_ABOUT_RETURN_TYPE = YES_ERROR;
				GCC_WARN_UNDECLARED_SELECTOR = YES;
				GCC_WARN_UNINITIALIZED_AUTOS = YES_AGGRESSIVE;
				GCC_WARN_UNUSED_FUNCTION = YES;
				GCC_WARN_UNUSED_VARIABLE = YES;
				IPHONEOS_DEPLOYMENT_TARGET = 10.0;
				MTL_ENABLE_DEBUG_INFO = NO;
				SDKROOT = iphoneos;
				SWIFT_OPTIMIZATION_LEVEL = "-Owholemodule";
				SWIFT_VERSION = 3.0;
				TARGETED_DEVICE_FAMILY = "1,2";
				VALIDATE_PRODUCT = YES;
			};
			name = Release;
		};
		6C8DD4C21D33F3C9002DF92E /* Debug */ = {
			isa = XCBuildConfiguration;
			buildSettings = {
				ASSETCATALOG_COMPILER_APPICON_NAME = AppIcon;
				INFOPLIST_FILE = CustomMap/Info.plist;
				LD_RUNPATH_SEARCH_PATHS = "$(inherited) @executable_path/Frameworks";
				PRODUCT_BUNDLE_IDENTIFIER = brix.CustomMap;
				PRODUCT_NAME = "$(TARGET_NAME)";
				SWIFT_OBJC_BRIDGING_HEADER = "";
				SWIFT_VERSION = 3.0;
			};
			name = Debug;
		};
		6C8DD4C31D33F3C9002DF92E /* Release */ = {
			isa = XCBuildConfiguration;
			buildSettings = {
				ASSETCATALOG_COMPILER_APPICON_NAME = AppIcon;
				INFOPLIST_FILE = CustomMap/Info.plist;
				LD_RUNPATH_SEARCH_PATHS = "$(inherited) @executable_path/Frameworks";
				PRODUCT_BUNDLE_IDENTIFIER = brix.CustomMap;
				PRODUCT_NAME = "$(TARGET_NAME)";
				SWIFT_OBJC_BRIDGING_HEADER = "";
				SWIFT_VERSION = 3.0;
			};
			name = Release;
		};
		6C8DD4C51D33F3C9002DF92E /* Debug */ = {
			isa = XCBuildConfiguration;
			buildSettings = {
				BUNDLE_LOADER = "$(TEST_HOST)";
				INFOPLIST_FILE = CustomMapTests/Info.plist;
				LD_RUNPATH_SEARCH_PATHS = "$(inherited) @executable_path/Frameworks @loader_path/Frameworks";
				PRODUCT_BUNDLE_IDENTIFIER = brix.CustomMapTests;
				PRODUCT_NAME = "$(TARGET_NAME)";
				SWIFT_VERSION = 3.0;
				TEST_HOST = "$(BUILT_PRODUCTS_DIR)/CustomMap.app/CustomMap";
			};
			name = Debug;
		};
		6C8DD4C61D33F3C9002DF92E /* Release */ = {
			isa = XCBuildConfiguration;
			buildSettings = {
				BUNDLE_LOADER = "$(TEST_HOST)";
				INFOPLIST_FILE = CustomMapTests/Info.plist;
				LD_RUNPATH_SEARCH_PATHS = "$(inherited) @executable_path/Frameworks @loader_path/Frameworks";
				PRODUCT_BUNDLE_IDENTIFIER = brix.CustomMapTests;
				PRODUCT_NAME = "$(TARGET_NAME)";
				SWIFT_VERSION = 3.0;
				TEST_HOST = "$(BUILT_PRODUCTS_DIR)/CustomMap.app/CustomMap";
			};
			name = Release;
		};
		6C8DD4C81D33F3C9002DF92E /* Debug */ = {
			isa = XCBuildConfiguration;
			buildSettings = {
				INFOPLIST_FILE = CustomMapUITests/Info.plist;
				LD_RUNPATH_SEARCH_PATHS = "$(inherited) @executable_path/Frameworks @loader_path/Frameworks";
				PRODUCT_BUNDLE_IDENTIFIER = brix.CustomMapUITests;
				PRODUCT_NAME = "$(TARGET_NAME)";
				SWIFT_VERSION = 3.0;
				TEST_TARGET_NAME = CustomMap;
			};
			name = Debug;
		};
		6C8DD4C91D33F3C9002DF92E /* Release */ = {
			isa = XCBuildConfiguration;
			buildSettings = {
				INFOPLIST_FILE = CustomMapUITests/Info.plist;
				LD_RUNPATH_SEARCH_PATHS = "$(inherited) @executable_path/Frameworks @loader_path/Frameworks";
				PRODUCT_BUNDLE_IDENTIFIER = brix.CustomMapUITests;
				PRODUCT_NAME = "$(TARGET_NAME)";
				SWIFT_VERSION = 3.0;
				TEST_TARGET_NAME = CustomMap;
			};
			name = Release;
		};
/* End XCBuildConfiguration section */

/* Begin XCConfigurationList section */
		6C8DD4941D33F3C9002DF92E /* Build configuration list for PBXProject "CustomMap" */ = {
			isa = XCConfigurationList;
			buildConfigurations = (
				6C8DD4BF1D33F3C9002DF92E /* Debug */,
				6C8DD4C01D33F3C9002DF92E /* Release */,
			);
			defaultConfigurationIsVisible = 0;
			defaultConfigurationName = Release;
		};
		6C8DD4C11D33F3C9002DF92E /* Build configuration list for PBXNativeTarget "CustomMap" */ = {
			isa = XCConfigurationList;
			buildConfigurations = (
				6C8DD4C21D33F3C9002DF92E /* Debug */,
				6C8DD4C31D33F3C9002DF92E /* Release */,
			);
			defaultConfigurationIsVisible = 0;
			defaultConfigurationName = Release;
		};
		6C8DD4C41D33F3C9002DF92E /* Build configuration list for PBXNativeTarget "CustomMapTests" */ = {
			isa = XCConfigurationList;
			buildConfigurations = (
				6C8DD4C51D33F3C9002DF92E /* Debug */,
				6C8DD4C61D33F3C9002DF92E /* Release */,
			);
			defaultConfigurationIsVisible = 0;
			defaultConfigurationName = Release;
		};
		6C8DD4C71D33F3C9002DF92E /* Build configuration list for PBXNativeTarget "CustomMapUITests" */ = {
			isa = XCConfigurationList;
			buildConfigurations = (
				6C8DD4C81D33F3C9002DF92E /* Debug */,
				6C8DD4C91D33F3C9002DF92E /* Release */,
			);
			defaultConfigurationIsVisible = 0;
			defaultConfigurationName = Release;
		};
/* End XCConfigurationList section */
	};
	rootObject = 6C8DD4911D33F3C9002DF92E /* Project object */;
}
